# THIS IS AN AUTOGENERATED FILE. DO NOT EDIT THIS FILE DIRECTLY.
# yarn lockfile v1


big.js@^5.2.2:
  version "5.2.2"
  resolved "https://registry.yarnpkg.com/big.js/-/big.js-5.2.2.tgz#65f0af382f578bcdc742bd9c281e9cb2d7768328"
  integrity sha512-vyL2OymJxmarO8gxMr0mhChsO9QGwhynfuu4+MHTAW6czfq9humCB7rKpUjDd9YUiDPU4mzpyupFSvOClAwbmQ==

emojis-list@^2.0.0:
  version "2.1.0"
  resolved "https://registry.yarnpkg.com/emojis-list/-/emojis-list-2.1.0.tgz#4daa4d9db00f9819880c79fa457ae5b09a1fd389"
  integrity sha1-TapNnbAPmBmIDHn6RXrlsJof04k=

json5@^1.0.1:
  version "1.0.1"
  resolved "https://registry.yarnpkg.com/json5/-/json5-1.0.1.tgz#779fb0018604fa854eacbf6252180d83543e3dbe"
  integrity sha512-aKS4WQjPenRxiQsC93MNfjx+nbF4PAdYzmd/1JIj8HYzqfbu86beTuNgXDzPknWk0n0uARlyewZo4s++ES36Ow==
  dependencies:
    minimist "^1.2.0"

loader-utils@^1.2.3:
  version "1.2.3"
  resolved "https://registry.yarnpkg.com/loader-utils/-/loader-utils-1.2.3.tgz#1ff5dc6911c9f0a062531a4c04b609406108c2c7"
  integrity sha512-fkpz8ejdnEMG3s37wGL07iSBDg99O9D5yflE9RGNH3hRdx9SOwYfnGYdZOUIZitN8E+E2vkq3MUMYMvPYl5ZZA==
  dependencies:
    big.js "^5.2.2"
    emojis-list "^2.0.0"
    json5 "^1.0.1"

minimist@^1.2.0:
  version "1.2.0"
  resolved "https://registry.yarnpkg.com/minimist/-/minimist-1.2.0.tgz#a35008b20f41383eec1fb914f4cd5df79a264284"
  integrity sha1-o1AIsg9BOD7sH7kU9M1d95omQoQ=

piexifjs@^1.0.4:
  version "1.0.4"
  resolved "https://registry.yarnpkg.com/piexifjs/-/piexifjs-1.0.4.tgz#6f61e85511fd57eb75591cfb7290688e0abab3fd"
  integrity sha512-va6FOuTVWC2bbiC4WiKus8scuAWoqgM4XwnmtttKe3YkwakyqTvsYMyctkTZv9Ra/uK7EdjTlyIA2U8rSDuwOw==

"promise-nodeify@>= 0.1":
  version "3.0.1"
  resolved "https://registry.yarnpkg.com/promise-nodeify/-/promise-nodeify-3.0.1.tgz#f0f5d9720ee9ec71dd2bfa92667be504c10229c2"
  integrity sha512-ghsSuzZXJX8iO7WVec2z7GI+Xk/EyiD+JZK7AZKhUqYfpLa/Zs4ylUD+CwwnKlG6G3HnkUPMAi6PO7zeqGKssg==

"proxying-agent@>= 2.1":
  version "2.2.4"
  resolved "https://registry.yarnpkg.com/proxying-agent/-/proxying-agent-2.2.4.tgz#974a60c5a508db62d7e3abbabeec6424b6fea427"
  integrity sha512-ZAwRkwKNWxmChtLGd6db1+sckTnypbCTj6trBcTrFUnCzE3SApzdDR6fYWE53S8CvXWi0PDEjFxdxXdq2grxQA==

tinify@^1.6.0-beta.2:
  version "1.6.0-beta.2"
  resolved "https://registry.yarnpkg.com/tinify/-/tinify-1.6.0-beta.2.tgz#5985ca021d11685d846c53ac8465dce78116adfe"
  integrity sha512-jzOtntNLiRRhMN5AlRlxapUhNYVH3YhU2cfk3Xg2u5g+t4ZfdXe97TqYvIl7cyenfXmqo5SCZet7t4alv53XvQ==
  dependencies:
    promise-nodeify ">= 0.1"
    proxying-agent ">= 2.1"
